
Microsoft Visual Studio Solution File, Format Version 11.00
# Visual Studio 2010
Project("{8BC9CEB8-8B4A-11D0-8D11-00A0C91BC942}") = "MenuDesign2", "MenuDesign2\MenuDesign2.vcxproj", "{6A5ABAE2-8B8C-41A8-815C-4DCB2C3ABE8A}"
EndProject
Global
	GlobalSection(SolutionConfigurationPlatforms) = preSolution
		Debug|Win32 = Debug|Win32
		Release|Win32 = Release|Win32
	EndGlobalSection
	GlobalSection(ProjectConfigurationPlatforms) = postSolution
		{6A5ABAE2-8B8C-41A8-815C-4DCB2C3ABE8A}.Debug|Win32.ActiveCfg = Debug|Win32
		{6A5ABAE2-8B8C-41A8-815C-4DCB2C3ABE8A}.Debug|Win32.Build.0 = Debug|Win32
		{6A5ABAE2-8B8C-41A8-815C-4DCB2C3ABE8A}.Release|Win32.ActiveCfg = Release|Win32
		{6A5ABAE2-8B8C-41A8-815C-4DCB2C3ABE8A}.Release|Win32.Build.0 = Release|Win32
	EndGlobalSection
	GlobalSection(SolutionProperties) = preSolution
		HideSolutionNode = FALSE
	EndGlobalSection
EndGlobal
